// !$*UTF8*$!
{
	archiveVersion = 1;
	classes = {
	};
	objectVersion = 56;
	objects = {

/* Begin PBXBuildFile section */
		CE445AAB2BDF3280004AC738 /* AnimaliaApp.swift in Sources */ = {isa = PBXBuildFile; fileRef = CE445AAA2BDF3280004AC738 /* AnimaliaApp.swift */; };
		CE445AAD2BDF3280004AC738 /* ContentView.swift in Sources */ = {isa = PBXBuildFile; fileRef = CE445AAC2BDF3280004AC738 /* ContentView.swift */; };
		CE445AAF2BDF3282004AC738 /* Assets.xcassets in Resources */ = {isa = PBXBuildFile; fileRef = CE445AAE2BDF3282004AC738 /* Assets.xcassets */; };
		CE445AB22BDF3282004AC738 /* Preview Assets.xcassets in Resources */ = {isa = PBXBuildFile; fileRef = CE445AB12BDF3282004AC738 /* Preview Assets.xcassets */; };
		CE445AC02BDF3599004AC738 /* animals.json in Resources */ = {isa = PBXBuildFile; fileRef = CE445ABB2BDF3599004AC738 /* animals.json */; };
		CE445AC12BDF3599004AC738 /* covers.json in Resources */ = {isa = PBXBuildFile; fileRef = CE445ABC2BDF3599004AC738 /* covers.json */; };
		CE445AC22BDF3599004AC738 /* locations.json in Resources */ = {isa = PBXBuildFile; fileRef = CE445ABD2BDF3599004AC738 /* locations.json */; };
		CE445AC32BDF3599004AC738 /* videos.json in Resources */ = {isa = PBXBuildFile; fileRef = CE445ABE2BDF3599004AC738 /* videos.json */; };
		CE445ACF2BDF35D3004AC738 /* cheetah.mp4 in Resources */ = {isa = PBXBuildFile; fileRef = CE445AC42BDF35D3004AC738 /* cheetah.mp4 */; };
		CE445AD02BDF35D3004AC738 /* elephant.mp4 in Resources */ = {isa = PBXBuildFile; fileRef = CE445AC52BDF35D3004AC738 /* elephant.mp4 */; };
		CE445AD12BDF35D3004AC738 /* giraffe.mp4 in Resources */ = {isa = PBXBuildFile; fileRef = CE445AC62BDF35D3004AC738 /* giraffe.mp4 */; };
		CE445AD22BDF35D3004AC738 /* gorilla.mp4 in Resources */ = {isa = PBXBuildFile; fileRef = CE445AC72BDF35D3004AC738 /* gorilla.mp4 */; };
		CE445AD32BDF35D3004AC738 /* hippo.mp4 in Resources */ = {isa = PBXBuildFile; fileRef = CE445AC82BDF35D3004AC738 /* hippo.mp4 */; };
		CE445AD42BDF35D3004AC738 /* lion.mp4 in Resources */ = {isa = PBXBuildFile; fileRef = CE445AC92BDF35D3004AC738 /* lion.mp4 */; };
		CE445AD52BDF35D3004AC738 /* lioness.mp4 in Resources */ = {isa = PBXBuildFile; fileRef = CE445ACA2BDF35D3004AC738 /* lioness.mp4 */; };
		CE445AD62BDF35D3004AC738 /* ostrich.mp4 in Resources */ = {isa = PBXBuildFile; fileRef = CE445ACB2BDF35D3004AC738 /* ostrich.mp4 */; };
		CE445AD72BDF35D3004AC738 /* rhino.mp4 in Resources */ = {isa = PBXBuildFile; fileRef = CE445ACC2BDF35D3004AC738 /* rhino.mp4 */; };
		CE445AD82BDF35D3004AC738 /* zebra.mp4 in Resources */ = {isa = PBXBuildFile; fileRef = CE445ACD2BDF35D3004AC738 /* zebra.mp4 */; };
		CEB7643A2BDF37E500F26C25 /* CoverImageView.swift in Sources */ = {isa = PBXBuildFile; fileRef = CEB764392BDF37E500F26C25 /* CoverImageView.swift */; };
		CEB7643D2BDF38EA00F26C25 /* CoverImageModel.swift in Sources */ = {isa = PBXBuildFile; fileRef = CEB7643C2BDF38EA00F26C25 /* CoverImageModel.swift */; };
		CEB764402BDF39C300F26C25 /* Bundle+Ext.swift in Sources */ = {isa = PBXBuildFile; fileRef = CEB7643F2BDF39C300F26C25 /* Bundle+Ext.swift */; };
		CEB764432BDF43D800F26C25 /* AnimalModel.swift in Sources */ = {isa = PBXBuildFile; fileRef = CEB764422BDF43D800F26C25 /* AnimalModel.swift */; };
		CEB764452BDF44BE00F26C25 /* AnimalListItemView.swift in Sources */ = {isa = PBXBuildFile; fileRef = CEB764442BDF44BE00F26C25 /* AnimalListItemView.swift */; };
/* End PBXBuildFile section */

/* Begin PBXFileReference section */
		CE445AA72BDF3280004AC738 /* Animalia.app */ = {isa = PBXFileReference; explicitFileType = wrapper.application; includeInIndex = 0; path = Animalia.app; sourceTree = BUILT_PRODUCTS_DIR; };
		CE445AAA2BDF3280004AC738 /* AnimaliaApp.swift */ = {isa = PBXFileReference; lastKnownFileType = sourcecode.swift; path = AnimaliaApp.swift; sourceTree = "<group>"; };
		CE445AAC2BDF3280004AC738 /* ContentView.swift */ = {isa = PBXFileReference; lastKnownFileType = sourcecode.swift; path = ContentView.swift; sourceTree = "<group>"; };
		CE445AAE2BDF3282004AC738 /* Assets.xcassets */ = {isa = PBXFileReference; lastKnownFileType = folder.assetcatalog; path = Assets.xcassets; sourceTree = "<group>"; };
		CE445AB12BDF3282004AC738 /* Preview Assets.xcassets */ = {isa = PBXFileReference; lastKnownFileType = folder.assetcatalog; path = "Preview Assets.xcassets"; sourceTree = "<group>"; };
		CE445ABB2BDF3599004AC738 /* animals.json */ = {isa = PBXFileReference; fileEncoding = 4; lastKnownFileType = text.json; path = animals.json; sourceTree = "<group>"; };
		CE445ABC2BDF3599004AC738 /* covers.json */ = {isa = PBXFileReference; fileEncoding = 4; lastKnownFileType = text.json; path = covers.json; sourceTree = "<group>"; };
		CE445ABD2BDF3599004AC738 /* locations.json */ = {isa = PBXFileReference; fileEncoding = 4; lastKnownFileType = text.json; path = locations.json; sourceTree = "<group>"; };
		CE445ABE2BDF3599004AC738 /* videos.json */ = {isa = PBXFileReference; fileEncoding = 4; lastKnownFileType = text.json; path = videos.json; sourceTree = "<group>"; };
		CE445AC42BDF35D3004AC738 /* cheetah.mp4 */ = {isa = PBXFileReference; lastKnownFileType = file; path = cheetah.mp4; sourceTree = "<group>"; };
		CE445AC52BDF35D3004AC738 /* elephant.mp4 */ = {isa = PBXFileReference; lastKnownFileType = file; path = elephant.mp4; sourceTree = "<group>"; };
		CE445AC62BDF35D3004AC738 /* giraffe.mp4 */ = {isa = PBXFileReference; lastKnownFileType = file; path = giraffe.mp4; sourceTree = "<group>"; };
		CE445AC72BDF35D3004AC738 /* gorilla.mp4 */ = {isa = PBXFileReference; lastKnownFileType = file; path = gorilla.mp4; sourceTree = "<group>"; };
		CE445AC82BDF35D3004AC738 /* hippo.mp4 */ = {isa = PBXFileReference; lastKnownFileType = file; path = hippo.mp4; sourceTree = "<group>"; };
		CE445AC92BDF35D3004AC738 /* lion.mp4 */ = {isa = PBXFileReference; lastKnownFileType = file; path = lion.mp4; sourceTree = "<group>"; };
		CE445ACA2BDF35D3004AC738 /* lioness.mp4 */ = {isa = PBXFileReference; lastKnownFileType = file; path = lioness.mp4; sourceTree = "<group>"; };
		CE445ACB2BDF35D3004AC738 /* ostrich.mp4 */ = {isa = PBXFileReference; lastKnownFileType = file; path = ostrich.mp4; sourceTree = "<group>"; };
		CE445ACC2BDF35D3004AC738 /* rhino.mp4 */ = {isa = PBXFileReference; lastKnownFileType = file; path = rhino.mp4; sourceTree = "<group>"; };
		CE445ACD2BDF35D3004AC738 /* zebra.mp4 */ = {isa = PBXFileReference; lastKnownFileType = file; path = zebra.mp4; sourceTree = "<group>"; };
		CEB764392BDF37E500F26C25 /* CoverImageView.swift */ = {isa = PBXFileReference; lastKnownFileType = sourcecode.swift; path = CoverImageView.swift; sourceTree = "<group>"; };
		CEB7643C2BDF38EA00F26C25 /* CoverImageModel.swift */ = {isa = PBXFileReference; lastKnownFileType = sourcecode.swift; path = CoverImageModel.swift; sourceTree = "<group>"; };
		CEB7643F2BDF39C300F26C25 /* Bundle+Ext.swift */ = {isa = PBXFileReference; lastKnownFileType = sourcecode.swift; path = "Bundle+Ext.swift"; sourceTree = "<group>"; };
		CEB764412BDF3FD100F26C25 /* Info.plist */ = {isa = PBXFileReference; lastKnownFileType = text.plist; path = Info.plist; sourceTree = "<group>"; };
		CEB764422BDF43D800F26C25 /* AnimalModel.swift */ = {isa = PBXFileReference; lastKnownFileType = sourcecode.swift; path = AnimalModel.swift; sourceTree = "<group>"; };
		CEB764442BDF44BE00F26C25 /* AnimalListItemView.swift */ = {isa = PBXFileReference; lastKnownFileType = sourcecode.swift; path = AnimalListItemView.swift; sourceTree = "<group>"; };
/* End PBXFileReference section */

/* Begin PBXFrameworksBuildPhase section */
		CE445AA42BDF3280004AC738 /* Frameworks */ = {
			isa = PBXFrameworksBuildPhase;
			buildActionMask = 2147483647;
			files = (
			);
			runOnlyForDeploymentPostprocessing = 0;
		};
/* End PBXFrameworksBuildPhase section */

/* Begin PBXGroup section */
		CE445A9E2BDF3280004AC738 = {
			isa = PBXGroup;
			children = (
				CE445AA92BDF3280004AC738 /* Animalia */,
				CE445AA82BDF3280004AC738 /* Products */,
			);
			sourceTree = "<group>";
		};
		CE445AA82BDF3280004AC738 /* Products */ = {
			isa = PBXGroup;
			children = (
				CE445AA72BDF3280004AC738 /* Animalia.app */,
			);
			name = Products;
			sourceTree = "<group>";
		};
		CE445AA92BDF3280004AC738 /* Animalia */ = {
			isa = PBXGroup;
			children = (
				CEB764412BDF3FD100F26C25 /* Info.plist */,
				CEB7643E2BDF398400F26C25 /* Extensions */,
				CEB764362BDF379900F26C25 /* Modules */,
				CE445ABA2BDF3293004AC738 /* App */,
				CE445AB92BDF328E004AC738 /* Main */,
				CE445AB82BDF3288004AC738 /* Resources */,
				CE445AB02BDF3282004AC738 /* Preview Content */,
			);
			path = Animalia;
			sourceTree = "<group>";
		};
		CE445AB02BDF3282004AC738 /* Preview Content */ = {
			isa = PBXGroup;
			children = (
				CE445AB12BDF3282004AC738 /* Preview Assets.xcassets */,
			);
			path = "Preview Content";
			sourceTree = "<group>";
		};
		CE445AB82BDF3288004AC738 /* Resources */ = {
			isa = PBXGroup;
			children = (
				CE445ACE2BDF35D3004AC738 /* Video */,
				CE445ABF2BDF3599004AC738 /* data */,
				CE445AAE2BDF3282004AC738 /* Assets.xcassets */,
			);
			path = Resources;
			sourceTree = "<group>";
		};
		CE445AB92BDF328E004AC738 /* Main */ = {
			isa = PBXGroup;
			children = (
				CE445AAC2BDF3280004AC738 /* ContentView.swift */,
			);
			path = Main;
			sourceTree = "<group>";
		};
		CE445ABA2BDF3293004AC738 /* App */ = {
			isa = PBXGroup;
			children = (
				CE445AAA2BDF3280004AC738 /* AnimaliaApp.swift */,
			);
			path = App;
			sourceTree = "<group>";
		};
		CE445ABF2BDF3599004AC738 /* data */ = {
			isa = PBXGroup;
			children = (
				CE445ABB2BDF3599004AC738 /* animals.json */,
				CE445ABC2BDF3599004AC738 /* covers.json */,
				CE445ABD2BDF3599004AC738 /* locations.json */,
				CE445ABE2BDF3599004AC738 /* videos.json */,
			);
			path = data;
			sourceTree = "<group>";
		};
		CE445ACE2BDF35D3004AC738 /* Video */ = {
			isa = PBXGroup;
			children = (
				CE445AC42BDF35D3004AC738 /* cheetah.mp4 */,
				CE445AC52BDF35D3004AC738 /* elephant.mp4 */,
				CE445AC62BDF35D3004AC738 /* giraffe.mp4 */,
				CE445AC72BDF35D3004AC738 /* gorilla.mp4 */,
				CE445AC82BDF35D3004AC738 /* hippo.mp4 */,
				CE445AC92BDF35D3004AC738 /* lion.mp4 */,
				CE445ACA2BDF35D3004AC738 /* lioness.mp4 */,
				CE445ACB2BDF35D3004AC738 /* ostrich.mp4 */,
				CE445ACC2BDF35D3004AC738 /* rhino.mp4 */,
				CE445ACD2BDF35D3004AC738 /* zebra.mp4 */,
			);
			path = Video;
			sourceTree = "<group>";
		};
		CEB764362BDF379900F26C25 /* Modules */ = {
			isa = PBXGroup;
			children = (
				CEB7643B2BDF383F00F26C25 /* Models */,
				CEB764372BDF37AE00F26C25 /* Screen */,
			);
			path = Modules;
			sourceTree = "<group>";
		};
		CEB764372BDF37AE00F26C25 /* Screen */ = {
			isa = PBXGroup;
			children = (
				CEB764392BDF37E500F26C25 /* CoverImageView.swift */,
				CEB764442BDF44BE00F26C25 /* AnimalListItemView.swift */,
			);
			path = Screen;
			sourceTree = "<group>";
		};
		CEB7643B2BDF383F00F26C25 /* Models */ = {
			isa = PBXGroup;
			children = (
				CEB7643C2BDF38EA00F26C25 /* CoverImageModel.swift */,
				CEB764422BDF43D800F26C25 /* AnimalModel.swift */,
			);
			path = Models;
			sourceTree = "<group>";
		};
		CEB7643E2BDF398400F26C25 /* Extensions */ = {
			isa = PBXGroup;
			children = (
				CEB7643F2BDF39C300F26C25 /* Bundle+Ext.swift */,
			);
			path = Extensions;
			sourceTree = "<group>";
		};
/* End PBXGroup section */

/* Begin PBXNativeTarget section */
		CE445AA62BDF3280004AC738 /* Animalia */ = {
			isa = PBXNativeTarget;
			buildConfigurationList = CE445AB52BDF3282004AC738 /* Build configuration list for PBXNativeTarget "Animalia" */;
			buildPhases = (
				CE445AA32BDF3280004AC738 /* Sources */,
				CE445AA42BDF3280004AC738 /* Frameworks */,
				CE445AA52BDF3280004AC738 /* Resources */,
			);
			buildRules = (
			);
			dependencies = (
			);
			name = Animalia;
			productName = Animalia;
			productReference = CE445AA72BDF3280004AC738 /* Animalia.app */;
			productType = "com.apple.product-type.application";
		};
/* End PBXNativeTarget section */

/* Begin PBXProject section */
		CE445A9F2BDF3280004AC738 /* Project object */ = {
			isa = PBXProject;
			attributes = {
				BuildIndependentTargetsInParallel = 1;
				LastSwiftUpdateCheck = 1530;
				LastUpgradeCheck = 1530;
				TargetAttributes = {
					CE445AA62BDF3280004AC738 = {
						CreatedOnToolsVersion = 15.3;
					};
				};
			};
			buildConfigurationList = CE445AA22BDF3280004AC738 /* Build configuration list for PBXProject "Animalia" */;
			compatibilityVersion = "Xcode 14.0";
			developmentRegion = en;
			hasScannedForEncodings = 0;
			knownRegions = (
				en,
				Base,
			);
			mainGroup = CE445A9E2BDF3280004AC738;
			productRefGroup = CE445AA82BDF3280004AC738 /* Products */;
			projectDirPath = "";
			projectRoot = "";
			targets = (
				CE445AA62BDF3280004AC738 /* Animalia */,
			);
		};
/* End PBXProject section */

/* Begin PBXResourcesBuildPhase section */
		CE445AA52BDF3280004AC738 /* Resources */ = {
			isa = PBXResourcesBuildPhase;
			buildActionMask = 2147483647;
			files = (
				CE445AC02BDF3599004AC738 /* animals.json in Resources */,
				CE445AD42BDF35D3004AC738 /* lion.mp4 in Resources */,
				CE445AD32BDF35D3004AC738 /* hippo.mp4 in Resources */,
				CE445AD72BDF35D3004AC738 /* rhino.mp4 in Resources */,
				CE445AC12BDF3599004AC738 /* covers.json in Resources */,
				CE445AD52BDF35D3004AC738 /* lioness.mp4 in Resources */,
				CE445AD22BDF35D3004AC738 /* gorilla.mp4 in Resources */,
				CE445AC22BDF3599004AC738 /* locations.json in Resources */,
				CE445AB22BDF3282004AC738 /* Preview Assets.xcassets in Resources */,
				CE445AD62BDF35D3004AC738 /* ostrich.mp4 in Resources */,
				CE445AD02BDF35D3004AC738 /* elephant.mp4 in Resources */,
				CE445AAF2BDF3282004AC738 /* Assets.xcassets in Resources */,
				CE445AD82BDF35D3004AC738 /* zebra.mp4 in Resources */,
				CE445AC32BDF3599004AC738 /* videos.json in Resources */,
				CE445ACF2BDF35D3004AC738 /* cheetah.mp4 in Resources */,
				CE445AD12BDF35D3004AC738 /* giraffe.mp4 in Resources */,
			);
			runOnlyForDeploymentPostprocessing = 0;
		};
/* End PBXResourcesBuildPhase section */

/* Begin PBXSourcesBuildPhase section */
		CE445AA32BDF3280004AC738 /* Sources */ = {
			isa = PBXSourcesBuildPhase;
			buildActionMask = 2147483647;
			files = (
				CE445AAD2BDF3280004AC738 /* ContentView.swift in Sources */,
				CEB764432BDF43D800F26C25 /* AnimalModel.swift in Sources */,
				CEB7643A2BDF37E500F26C25 /* CoverImageView.swift in Sources */,
				CEB764402BDF39C300F26C25 /* Bundle+Ext.swift in Sources */,
				CE445AAB2BDF3280004AC738 /* AnimaliaApp.swift in Sources */,
				CEB7643D2BDF38EA00F26C25 /* CoverImageModel.swift in Sources */,
				CEB764452BDF44BE00F26C25 /* AnimalListItemView.swift in Sources */,
			);
			runOnlyForDeploymentPostprocessing = 0;
		};
/* End PBXSourcesBuildPhase section */

/* Begin XCBuildConfiguration section */
		CE445AB32BDF3282004AC738 /* Debug */ = {
			isa = XCBuildConfiguration;
			buildSettings = {
				ALWAYS_SEARCH_USER_PATHS = NO;
				ASSETCATALOG_COMPILER_GENERATE_SWIFT_ASSET_SYMBOL_EXTENSIONS = YES;
				CLANG_ANALYZER_NONNULL = YES;
				CLANG_ANALYZER_NUMBER_OBJECT_CONVERSION = YES_AGGRESSIVE;
				CLANG_CXX_LANGUAGE_STANDARD = "gnu++20";
				CLANG_ENABLE_MODULES = YES;
				CLANG_ENABLE_OBJC_ARC = YES;
				CLANG_ENABLE_OBJC_WEAK = YES;
				CLANG_WARN_BLOCK_CAPTURE_AUTORELEASING = YES;
				CLANG_WARN_BOOL_CONVERSION = YES;
				CLANG_WARN_COMMA = YES;
				CLANG_WARN_CONSTANT_CONVERSION = YES;
				CLANG_WARN_DEPRECATED_OBJC_IMPLEMENTATIONS = YES;
				CLANG_WARN_DIRECT_OBJC_ISA_USAGE = YES_ERROR;
				CLANG_WARN_DOCUMENTATION_COMMENTS = YES;
				CLANG_WARN_EMPTY_BODY = YES;
				CLANG_WARN_ENUM_CONVERSION = YES;
				CLANG_WARN_INFINITE_RECURSION = YES;
				CLANG_WARN_INT_CONVERSION = YES;
				CLANG_WARN_NON_LITERAL_NULL_CONVERSION = YES;
				CLANG_WARN_OBJC_IMPLICIT_RETAIN_SELF = YES;
				CLANG_WARN_OBJC_LITERAL_CONVERSION = YES;
				CLANG_WARN_OBJC_ROOT_CLASS = YES_ERROR;
				CLANG_WARN_QUOTED_INCLUDE_IN_FRAMEWORK_HEADER = YES;
				CLANG_WARN_RANGE_LOOP_ANALYSIS = YES;
				CLANG_WARN_STRICT_PROTOTYPES = YES;
				CLANG_WARN_SUSPICIOUS_MOVE = YES;
				CLANG_WARN_UNGUARDED_AVAILABILITY = YES_AGGRESSIVE;
				CLANG_WARN_UNREACHABLE_CODE = YES;
				CLANG_WARN__DUPLICATE_METHOD_MATCH = YES;
				COPY_PHASE_STRIP = NO;
				DEBUG_INFORMATION_FORMAT = dwarf;
				ENABLE_STRICT_OBJC_MSGSEND = YES;
				ENABLE_TESTABILITY = YES;
				ENABLE_USER_SCRIPT_SANDBOXING = YES;
				GCC_C_LANGUAGE_STANDARD = gnu17;
				GCC_DYNAMIC_NO_PIC = NO;
				GCC_NO_COMMON_BLOCKS = YES;
				GCC_OPTIMIZATION_LEVEL = 0;
				GCC_PREPROCESSOR_DEFINITIONS = (
					"DEBUG=1",
					"$(inherited)",
				);
				GCC_WARN_64_TO_32_BIT_CONVERSION = YES;
				GCC_WARN_ABOUT_RETURN_TYPE = YES_ERROR;
				GCC_WARN_UNDECLARED_SELECTOR = YES;
				GCC_WARN_UNINITIALIZED_AUTOS = YES_AGGRESSIVE;
				GCC_WARN_UNUSED_FUNCTION = YES;
				GCC_WARN_UNUSED_VARIABLE = YES;
				IPHONEOS_DEPLOYMENT_TARGET = 17.4;
				LOCALIZATION_PREFERS_STRING_CATALOGS = YES;
				MTL_ENABLE_DEBUG_INFO = INCLUDE_SOURCE;
				MTL_FAST_MATH = YES;
				ONLY_ACTIVE_ARCH = YES;
				SDKROOT = iphoneos;
				SWIFT_ACTIVE_COMPILATION_CONDITIONS = "DEBUG $(inherited)";
				SWIFT_OPTIMIZATION_LEVEL = "-Onone";
			};
			name = Debug;
		};
		CE445AB42BDF3282004AC738 /* Release */ = {
			isa = XCBuildConfiguration;
			buildSettings = {
				ALWAYS_SEARCH_USER_PATHS = NO;
				ASSETCATALOG_COMPILER_GENERATE_SWIFT_ASSET_SYMBOL_EXTENSIONS = YES;
				CLANG_ANALYZER_NONNULL = YES;
				CLANG_ANALYZER_NUMBER_OBJECT_CONVERSION = YES_AGGRESSIVE;
				CLANG_CXX_LANGUAGE_STANDARD = "gnu++20";
				CLANG_ENABLE_MODULES = YES;
				CLANG_ENABLE_OBJC_ARC = YES;
				CLANG_ENABLE_OBJC_WEAK = YES;
				CLANG_WARN_BLOCK_CAPTURE_AUTORELEASING = YES;
				CLANG_WARN_BOOL_CONVERSION = YES;
				CLANG_WARN_COMMA = YES;
				CLANG_WARN_CONSTANT_CONVERSION = YES;
				CLANG_WARN_DEPRECATED_OBJC_IMPLEMENTATIONS = YES;
				CLANG_WARN_DIRECT_OBJC_ISA_USAGE = YES_ERROR;
				CLANG_WARN_DOCUMENTATION_COMMENTS = YES;
				CLANG_WARN_EMPTY_BODY = YES;
				CLANG_WARN_ENUM_CONVERSION = YES;
				CLANG_WARN_INFINITE_RECURSION = YES;
				CLANG_WARN_INT_CONVERSION = YES;
				CLANG_WARN_NON_LITERAL_NULL_CONVERSION = YES;
				CLANG_WARN_OBJC_IMPLICIT_RETAIN_SELF = YES;
				CLANG_WARN_OBJC_LITERAL_CONVERSION = YES;
				CLANG_WARN_OBJC_ROOT_CLASS = YES_ERROR;
				CLANG_WARN_QUOTED_INCLUDE_IN_FRAMEWORK_HEADER = YES;
				CLANG_WARN_RANGE_LOOP_ANALYSIS = YES;
				CLANG_WARN_STRICT_PROTOTYPES = YES;
				CLANG_WARN_SUSPICIOUS_MOVE = YES;
				CLANG_WARN_UNGUARDED_AVAILABILITY = YES_AGGRESSIVE;
				CLANG_WARN_UNREACHABLE_CODE = YES;
				CLANG_WARN__DUPLICATE_METHOD_MATCH = YES;
				COPY_PHASE_STRIP = NO;
				DEBUG_INFORMATION_FORMAT = "dwarf-with-dsym";
				ENABLE_NS_ASSERTIONS = NO;
				ENABLE_STRICT_OBJC_MSGSEND = YES;
				ENABLE_USER_SCRIPT_SANDBOXING = YES;
				GCC_C_LANGUAGE_STANDARD = gnu17;
				GCC_NO_COMMON_BLOCKS = YES;
				GCC_WARN_64_TO_32_BIT_CONVERSION = YES;
				GCC_WARN_ABOUT_RETURN_TYPE = YES_ERROR;
				GCC_WARN_UNDECLARED_SELECTOR = YES;
				GCC_WARN_UNINITIALIZED_AUTOS = YES_AGGRESSIVE;
				GCC_WARN_UNUSED_FUNCTION = YES;
				GCC_WARN_UNUSED_VARIABLE = YES;
				IPHONEOS_DEPLOYMENT_TARGET = 17.4;
				LOCALIZATION_PREFERS_STRING_CATALOGS = YES;
				MTL_ENABLE_DEBUG_INFO = NO;
				MTL_FAST_MATH = YES;
				SDKROOT = iphoneos;
				SWIFT_COMPILATION_MODE = wholemodule;
				VALIDATE_PRODUCT = YES;
			};
			name = Release;
		};
		CE445AB62BDF3282004AC738 /* Debug */ = {
			isa = XCBuildConfiguration;
			buildSettings = {
				ASSETCATALOG_COMPILER_APPICON_NAME = AppIcon;
				ASSETCATALOG_COMPILER_GLOBAL_ACCENT_COLOR_NAME = AccentColor;
				CODE_SIGN_STYLE = Automatic;
				CURRENT_PROJECT_VERSION = 1;
				DEVELOPMENT_ASSET_PATHS = "\"Animalia/Preview Content\"";
				ENABLE_PREVIEWS = YES;
				GENERATE_INFOPLIST_FILE = YES;
				INFOPLIST_FILE = Animalia/Info.plist;
				INFOPLIST_KEY_UIApplicationSceneManifest_Generation = YES;
				INFOPLIST_KEY_UIApplicationSupportsIndirectInputEvents = YES;
				INFOPLIST_KEY_UISupportedInterfaceOrientations_iPad = "UIInterfaceOrientationPortrait UIInterfaceOrientationPortraitUpsideDown UIInterfaceOrientationLandscapeLeft UIInterfaceOrientationLandscapeRight";
				INFOPLIST_KEY_UISupportedInterfaceOrientations_iPhone = "UIInterfaceOrientationPortrait UIInterfaceOrientationLandscapeLeft UIInterfaceOrientationLandscapeRight";
				INFOPLIST_KEY_UIUserInterfaceStyle = Dark;
				IPHONEOS_DEPLOYMENT_TARGET = 17.0;
				LD_RUNPATH_SEARCH_PATHS = (
					"$(inherited)",
					"@executable_path/Frameworks",
				);
				MARKETING_VERSION = 1.0;
				PRODUCT_BUNDLE_IDENTIFIER = com.mayna.Animalia;
				PRODUCT_NAME = "$(TARGET_NAME)";
				SWIFT_EMIT_LOC_STRINGS = YES;
				SWIFT_VERSION = 5.0;
				TARGETED_DEVICE_FAMILY = "1,2";
			};
			name = Debug;
		};
		CE445AB72BDF3282004AC738 /* Release */ = {
			isa = XCBuildConfiguration;
			buildSettings = {
				ASSETCATALOG_COMPILER_APPICON_NAME = AppIcon;
				ASSETCATALOG_COMPILER_GLOBAL_ACCENT_COLOR_NAME = AccentColor;
				CODE_SIGN_STYLE = Automatic;
				CURRENT_PROJECT_VERSION = 1;
				DEVELOPMENT_ASSET_PATHS = "\"Animalia/Preview Content\"";
				ENABLE_PREVIEWS = YES;
				GENERATE_INFOPLIST_FILE = YES;
				INFOPLIST_FILE = Animalia/Info.plist;
				INFOPLIST_KEY_UIApplicationSceneManifest_Generation = YES;
				INFOPLIST_KEY_UIApplicationSupportsIndirectInputEvents = YES;
				INFOPLIST_KEY_UISupportedInterfaceOrientations_iPad = "UIInterfaceOrientationPortrait UIInterfaceOrientationPortraitUpsideDown UIInterfaceOrientationLandscapeLeft UIInterfaceOrientationLandscapeRight";
				INFOPLIST_KEY_UISupportedInterfaceOrientations_iPhone = "UIInterfaceOrientationPortrait UIInterfaceOrientationLandscapeLeft UIInterfaceOrientationLandscapeRight";
				INFOPLIST_KEY_UIUserInterfaceStyle = Dark;
				IPHONEOS_DEPLOYMENT_TARGET = 17.0;
				LD_RUNPATH_SEARCH_PATHS = (
					"$(inherited)",
					"@executable_path/Frameworks",
				);
				MARKETING_VERSION = 1.0;
				PRODUCT_BUNDLE_IDENTIFIER = com.mayna.Animalia;
				PRODUCT_NAME = "$(TARGET_NAME)";
				SWIFT_EMIT_LOC_STRINGS = YES;
				SWIFT_VERSION = 5.0;
				TARGETED_DEVICE_FAMILY = "1,2";
			};
			name = Release;
		};
/* End XCBuildConfiguration section */

/* Begin XCConfigurationList section */
		CE445AA22BDF3280004AC738 /* Build configuration list for PBXProject "Animalia" */ = {
			isa = XCConfigurationList;
			buildConfigurations = (
				CE445AB32BDF3282004AC738 /* Debug */,
				CE445AB42BDF3282004AC738 /* Release */,
			);
			defaultConfigurationIsVisible = 0;
			defaultConfigurationName = Release;
		};
		CE445AB52BDF3282004AC738 /* Build configuration list for PBXNativeTarget "Animalia" */ = {
			isa = XCConfigurationList;
			buildConfigurations = (
				CE445AB62BDF3282004AC738 /* Debug */,
				CE445AB72BDF3282004AC738 /* Release */,
			);
			defaultConfigurationIsVisible = 0;
			defaultConfigurationName = Release;
		};
/* End XCConfigurationList section */
	};
	rootObject = CE445A9F2BDF3280004AC738 /* Project object */;
}
